// !$*UTF8*$!
{
	archiveVersion = 1;
	classes = {
	};
	objectVersion = 46;
	objects = {

/* Begin PBXBuildFile section */
		C6E68E581C2C25CD000A70A4 /* AppDelegate.m in Sources */ = {isa = PBXBuildFile; fileRef = C6E68E571C2C25CD000A70A4 /* AppDelegate.m */; };
		C6E68E5B1C2C25CD000A70A4 /* main.m in Sources */ = {isa = PBXBuildFile; fileRef = C6E68E5A1C2C25CD000A70A4 /* main.m */; };
		C6E68E5D1C2C25CD000A70A4 /* Assets.xcassets in Resources */ = {isa = PBXBuildFile; fileRef = C6E68E5C1C2C25CD000A70A4 /* Assets.xcassets */; };
		C6E68E601C2C25CD000A70A4 /* MainMenu.xib in Resources */ = {isa = PBXBuildFile; fileRef = C6E68E5E1C2C25CD000A70A4 /* MainMenu.xib */; };
		C6E68E6B1C2C2614000A70A4 /* GCDAsyncSocket.m in Sources */ = {isa = PBXBuildFile; fileRef = C6E68E681C2C2614000A70A4 /* GCDAsyncSocket.m */; };
		C6E68E6C1C2C2614000A70A4 /* GCDAsyncUdpSocket.m in Sources */ = {isa = PBXBuildFile; fileRef = C6E68E6A1C2C2614000A70A4 /* GCDAsyncUdpSocket.m */; };
		C6E68E6E1C2C2D10000A70A4 /* CocoaLumberjack in Resources */ = {isa = PBXBuildFile; fileRef = C6E68E6D1C2C2D10000A70A4 /* CocoaLumberjack */; };
/* End PBXBuildFile section */

/* Begin PBXFileReference section */
		C6E68E531C2C25CD000A70A4 /* UDP_Test.app */ = {isa = PBXFileReference; explicitFileType = wrapper.application; includeInIndex = 0; path = UDP_Test.app; sourceTree = BUILT_PRODUCTS_DIR; };
		C6E68E561C2C25CD000A70A4 /* AppDelegate.h */ = {isa = PBXFileReference; lastKnownFileType = sourcecode.c.h; path = AppDelegate.h; sourceTree = "<group>"; };
		C6E68E571C2C25CD000A70A4 /* AppDelegate.m */ = {isa = PBXFileReference; lastKnownFileType = sourcecode.c.objc; path = AppDelegate.m; sourceTree = "<group>"; };
		C6E68E5A1C2C25CD000A70A4 /* main.m */ = {isa = PBXFileReference; lastKnownFileType = sourcecode.c.objc; path = main.m; sourceTree = "<group>"; };
		C6E68E5C1C2C25CD000A70A4 /* Assets.xcassets */ = {isa = PBXFileReference; lastKnownFileType = folder.assetcatalog; path = Assets.xcassets; sourceTree = "<group>"; };
		C6E68E5F1C2C25CD000A70A4 /* Base */ = {isa = PBXFileReference; lastKnownFileType = file.xib; name = Base; path = Base.lproj/MainMenu.xib; sourceTree = "<group>"; };
		C6E68E611C2C25CD000A70A4 /* Info.plist */ = {isa = PBXFileReference; lastKnownFileType = text.plist.xml; path = Info.plist; sourceTree = "<group>"; };
		C6E68E671C2C2614000A70A4 /* GCDAsyncSocket.h */ = {isa = PBXFileReference; fileEncoding = 4; lastKnownFileType = sourcecode.c.h; path = GCDAsyncSocket.h; sourceTree = "<group>"; };
		C6E68E681C2C2614000A70A4 /* GCDAsyncSocket.m */ = {isa = PBXFileReference; fileEncoding = 4; lastKnownFileType = sourcecode.c.objc; path = GCDAsyncSocket.m; sourceTree = "<group>"; };
		C6E68E691C2C2614000A70A4 /* GCDAsyncUdpSocket.h */ = {isa = PBXFileReference; fileEncoding = 4; lastKnownFileType = sourcecode.c.h; path = GCDAsyncUdpSocket.h; sourceTree = "<group>"; };
		C6E68E6A1C2C2614000A70A4 /* GCDAsyncUdpSocket.m */ = {isa = PBXFileReference; fileEncoding = 4; lastKnownFileType = sourcecode.c.objc; path = GCDAsyncUdpSocket.m; sourceTree = "<group>"; };
		C6E68E6D1C2C2D10000A70A4 /* CocoaLumberjack */ = {isa = PBXFileReference; lastKnownFileType = folder; path = CocoaLumberjack; sourceTree = "<group>"; };
/* End PBXFileReference section */

/* Begin PBXFrameworksBuildPhase section */
		C6E68E501C2C25CD000A70A4 /* Frameworks */ = {
			isa = PBXFrameworksBuildPhase;
			buildActionMask = 2147483647;
			files = (
			);
			runOnlyForDeploymentPostprocessing = 0;
		};
/* End PBXFrameworksBuildPhase section */

/* Begin PBXGroup section */
		C6E68E4A1C2C25CD000A70A4 = {
			isa = PBXGroup;
			children = (
				C6E68E551C2C25CD000A70A4 /* UDP_Test */,
				C6E68E541C2C25CD000A70A4 /* Products */,
			);
			sourceTree = "<group>";
		};
		C6E68E541C2C25CD000A70A4 /* Products */ = {
			isa = PBXGroup;
			children = (
				C6E68E531C2C25CD000A70A4 /* UDP_Test.app */,
			);
			name = Products;
			sourceTree = "<group>";
		};
		C6E68E551C2C25CD000A70A4 /* UDP_Test */ = {
			isa = PBXGroup;
			children = (
				C6E68E6D1C2C2D10000A70A4 /* CocoaLumberjack */,
				C6E68E671C2C2614000A70A4 /* GCDAsyncSocket.h */,
				C6E68E681C2C2614000A70A4 /* GCDAsyncSocket.m */,
				C6E68E691C2C2614000A70A4 /* GCDAsyncUdpSocket.h */,
				C6E68E6A1C2C2614000A70A4 /* GCDAsyncUdpSocket.m */,
				C6E68E561C2C25CD000A70A4 /* AppDelegate.h */,
				C6E68E571C2C25CD000A70A4 /* AppDelegate.m */,
				C6E68E5C1C2C25CD000A70A4 /* Assets.xcassets */,
				C6E68E5E1C2C25CD000A70A4 /* MainMenu.xib */,
				C6E68E611C2C25CD000A70A4 /* Info.plist */,
				C6E68E591C2C25CD000A70A4 /* Supporting Files */,
			);
			path = UDP_Test;
			sourceTree = "<group>";
		};
		C6E68E591C2C25CD000A70A4 /* Supporting Files */ = {
			isa = PBXGroup;
			children = (
				C6E68E5A1C2C25CD000A70A4 /* main.m */,
			);
			name = "Supporting Files";
			sourceTree = "<group>";
		};
/* End PBXGroup section */

/* Begin PBXNativeTarget section */
		C6E68E521C2C25CD000A70A4 /* UDP_Test */ = {
			isa = PBXNativeTarget;
			buildConfigurationList = C6E68E641C2C25CD000A70A4 /* Build configuration list for PBXNativeTarget "UDP_Test" */;
			buildPhases = (
				C6E68E4F1C2C25CD000A70A4 /* Sources */,
				C6E68E501C2C25CD000A70A4 /* Frameworks */,
				C6E68E511C2C25CD000A70A4 /* Resources */,
			);
			buildRules = (
			);
			dependencies = (
			);
			name = UDP_Test;
			productName = UDP_Test;
			productReference = C6E68E531C2C25CD000A70A4 /* UDP_Test.app */;
			productType = "com.apple.product-type.application";
		};
/* End PBXNativeTarget section */

/* Begin PBXProject section */
		C6E68E4B1C2C25CD000A70A4 /* Project object */ = {
			isa = PBXProject;
			attributes = {
				LastUpgradeCheck = 0720;
				ORGANIZATIONNAME = "Phoenix Perry";
				TargetAttributes = {
					C6E68E521C2C25CD000A70A4 = {
						CreatedOnToolsVersion = 7.2;
					};
				};
			};
			buildConfigurationList = C6E68E4E1C2C25CD000A70A4 /* Build configuration list for PBXProject "UDP_Test" */;
			compatibilityVersion = "Xcode 3.2";
			developmentRegion = English;
			hasScannedForEncodings = 0;
			knownRegions = (
				en,
				Base,
			);
			mainGroup = C6E68E4A1C2C25CD000A70A4;
			productRefGroup = C6E68E541C2C25CD000A70A4 /* Products */;
			projectDirPath = "";
			projectRoot = "";
			targets = (
				C6E68E521C2C25CD000A70A4 /* UDP_Test */,
			);
		};
/* End PBXProject section */

/* Begin PBXResourcesBuildPhase section */
		C6E68E511C2C25CD000A70A4 /* Resources */ = {
			isa = PBXResourcesBuildPhase;
			buildActionMask = 2147483647;
			files = (
				C6E68E6E1C2C2D10000A70A4 /* CocoaLumberjack in Resources */,
				C6E68E5D1C2C25CD000A70A4 /* Assets.xcassets in Resources */,
				C6E68E601C2C25CD000A70A4 /* MainMenu.xib in Resources */,
			);
			runOnlyForDeploymentPostprocessing = 0;
		};
/* End PBXResourcesBuildPhase section */

/* Begin PBXSourcesBuildPhase section */
		C6E68E4F1C2C25CD000A70A4 /* Sources */ = {
			isa = PBXSourcesBuildPhase;
			buildActionMask = 2147483647;
			files = (
				C6E68E6C1C2C2614000A70A4 /* GCDAsyncUdpSocket.m in Sources */,
				C6E68E6B1C2C2614000A70A4 /* GCDAsyncSocket.m in Sources */,
				C6E68E5B1C2C25CD000A70A4 /* main.m in Sources */,
				C6E68E581C2C25CD000A70A4 /* AppDelegate.m in Sources */,
			);
			runOnlyForDeploymentPostprocessing = 0;
		};
/* End PBXSourcesBuildPhase section */

/* Begin PBXVariantGroup section */
		C6E68E5E1C2C25CD000A70A4 /* MainMenu.xib */ = {
			isa = PBXVariantGroup;
			children = (
				C6E68E5F1C2C25CD000A70A4 /* Base */,
			);
			name = MainMenu.xib;
			sourceTree = "<group>";
		};
/* End PBXVariantGroup section */

/* Begin XCBuildConfiguration section */
		C6E68E621C2C25CD000A70A4 /* Debug */ = {
			isa = XCBuildConfiguration;
			buildSettings = {
				ALWAYS_SEARCH_USER_PATHS = NO;
				CLANG_CXX_LANGUAGE_STANDARD = "gnu++0x";
				CLANG_CXX_LIBRARY = "libc++";
				CLANG_ENABLE_MODULES = YES;
				CLANG_ENABLE_OBJC_ARC = YES;
				CLANG_WARN_BOOL_CONVERSION = YES;
				CLANG_WARN_CONSTANT_CONVERSION = YES;
				CLANG_WARN_DIRECT_OBJC_ISA_USAGE = YES_ERROR;
				CLANG_WARN_EMPTY_BODY = YES;
				CLANG_WARN_ENUM_CONVERSION = YES;
				CLANG_WARN_INT_CONVERSION = YES;
				CLANG_WARN_OBJC_ROOT_CLASS = YES_ERROR;
				CLANG_WARN_UNREACHABLE_CODE = YES;
				CLANG_WARN__DUPLICATE_METHOD_MATCH = YES;
				CODE_SIGN_IDENTITY = "-";
				COPY_PHASE_STRIP = NO;
				DEBUG_INFORMATION_FORMAT = dwarf;
				ENABLE_STRICT_OBJC_MSGSEND = YES;
				ENABLE_TESTABILITY = YES;
				GCC_C_LANGUAGE_STANDARD = gnu99;
				GCC_DYNAMIC_NO_PIC = NO;
				GCC_NO_COMMON_BLOCKS = YES;
				GCC_OPTIMIZATION_LEVEL = 0;
				GCC_PREPROCESSOR_DEFINITIONS = (
					"DEBUG=1",
					"$(inherited)",
				);
				GCC_WARN_64_TO_32_BIT_CONVERSION = YES;
				GCC_WARN_ABOUT_RETURN_TYPE = YES_ERROR;
				GCC_WARN_UNDECLARED_SELECTOR = YES;
				GCC_WARN_UNINITIALIZED_AUTOS = YES_AGGRESSIVE;
				GCC_WARN_UNUSED_FUNCTION = YES;
				GCC_WARN_UNUSED_VARIABLE = YES;
				MACOSX_DEPLOYMENT_TARGET = 10.10;
				MTL_ENABLE_DEBUG_INFO = YES;
				ONLY_ACTIVE_ARCH = YES;
				SDKROOT = macosx;
			};
			name = Debug;
		};
		C6E68E631C2C25CD000A70A4 /* Release */ = {
			isa = XCBuildConfiguration;
			buildSettings = {
				ALWAYS_SEARCH_USER_PATHS = NO;
				CLANG_CXX_LANGUAGE_STANDARD = "gnu++0x";
				CLANG_CXX_LIBRARY = "libc++";
				CLANG_ENABLE_MODULES = YES;
				CLANG_ENABLE_OBJC_ARC = YES;
				CLANG_WARN_BOOL_CONVERSION = YES;
				CLANG_WARN_CONSTANT_CONVERSION = YES;
				CLANG_WARN_DIRECT_OBJC_ISA_USAGE = YES_ERROR;
				CLANG_WARN_EMPTY_BODY = YES;
				CLANG_WARN_ENUM_CONVERSION = YES;
				CLANG_WARN_INT_CONVERSION = YES;
				CLANG_WARN_OBJC_ROOT_CLASS = YES_ERROR;
				CLANG_WARN_UNREACHABLE_CODE = YES;
				CLANG_WARN__DUPLICATE_METHOD_MATCH = YES;
				CODE_SIGN_IDENTITY = "-";
				COPY_PHASE_STRIP = NO;
				DEBUG_INFORMATION_FORMAT = "dwarf-with-dsym";
				ENABLE_NS_ASSERTIONS = NO;
				ENABLE_STRICT_OBJC_MSGSEND = YES;
				GCC_C_LANGUAGE_STANDARD = gnu99;
				GCC_NO_COMMON_BLOCKS = YES;
				GCC_WARN_64_TO_32_BIT_CONVERSION = YES;
				GCC_WARN_ABOUT_RETURN_TYPE = YES_ERROR;
				GCC_WARN_UNDECLARED_SELECTOR = YES;
				GCC_WARN_UNINITIALIZED_AUTOS = YES_AGGRESSIVE;
				GCC_WARN_UNUSED_FUNCTION = YES;
				GCC_WARN_UNUSED_VARIABLE = YES;
				MACOSX_DEPLOYMENT_TARGET = 10.10;
				MTL_ENABLE_DEBUG_INFO = NO;
				SDKROOT = macosx;
			};
			name = Release;
		};
		C6E68E651C2C25CD000A70A4 /* Debug */ = {
			isa = XCBuildConfiguration;
			buildSettings = {
				ASSETCATALOG_COMPILER_APPICON_NAME = AppIcon;
				COMBINE_HIDPI_IMAGES = YES;
				INFOPLIST_FILE = UDP_Test/Info.plist;
				LD_RUNPATH_SEARCH_PATHS = "$(inherited) @executable_path/../Frameworks";
				ONLY_ACTIVE_ARCH = NO;
				PRODUCT_BUNDLE_IDENTIFIER = "com.phoenixperry.UDP-Test";
				PRODUCT_NAME = "$(TARGET_NAME)";
			};
			name = Debug;
		};
		C6E68E661C2C25CD000A70A4 /* Release */ = {
			isa = XCBuildConfiguration;
			buildSettings = {
				ASSETCATALOG_COMPILER_APPICON_NAME = AppIcon;
				COMBINE_HIDPI_IMAGES = YES;
				INFOPLIST_FILE = UDP_Test/Info.plist;
				LD_RUNPATH_SEARCH_PATHS = "$(inherited) @executable_path/../Frameworks";
				ONLY_ACTIVE_ARCH = NO;
				PRODUCT_BUNDLE_IDENTIFIER = "com.phoenixperry.UDP-Test";
				PRODUCT_NAME = "$(TARGET_NAME)";
			};
			name = Release;
		};
/* End XCBuildConfiguration section */

/* Begin XCConfigurationList section */
		C6E68E4E1C2C25CD000A70A4 /* Build configuration list for PBXProject "UDP_Test" */ = {
			isa = XCConfigurationList;
			buildConfigurations = (
				C6E68E621C2C25CD000A70A4 /* Debug */,
				C6E68E631C2C25CD000A70A4 /* Release */,
			);
			defaultConfigurationIsVisible = 0;
			defaultConfigurationName = Release;
		};
		C6E68E641C2C25CD000A70A4 /* Build configuration list for PBXNativeTarget "UDP_Test" */ = {
			isa = XCConfigurationList;
			buildConfigurations = (
				C6E68E651C2C25CD000A70A4 /* Debug */,
				C6E68E661C2C25CD000A70A4 /* Release */,
			);
			defaultConfigurationIsVisible = 0;
		};
/* End XCConfigurationList section */
	};
	rootObject = C6E68E4B1C2C25CD000A70A4 /* Project object */;
}
